
Microsoft Visual Studio Solution File, Format Version 12.00
# Visual Studio Version 17
VisualStudioVersion = 17.7.34202.233
MinimumVisualStudioVersion = 10.0.40219.1
Project("{FAE04EC0-301F-11D3-BF4B-00C04F79EFBC}") = "EFRazor", "EFRazor.csproj", "{BA9491DE-09DA-4393-9DB1-0F878E6AE110}"
EndProject
Global
	GlobalSection(SolutionConfigurationPlatforms) = preSolution
		Debug|Any CPU = Debug|Any CPU
		Release|Any CPU = Release|Any CPU
	EndGlobalSection
	GlobalSection(ProjectConfigurationPlatforms) = postSolution
		{BA9491DE-09DA-4393-9DB1-0F878E6AE110}.Debug|Any CPU.ActiveCfg = Debug|Any CPU
		{BA9491DE-09DA-4393-9DB1-0F878E6AE110}.Debug|Any CPU.Build.0 = Debug|Any CPU
		{BA9491DE-09DA-4393-9DB1-0F878E6AE110}.Release|Any CPU.ActiveCfg = Release|Any CPU
		{BA9491DE-09DA-4393-9DB1-0F878E6AE110}.Release|Any CPU.Build.0 = Release|Any CPU
	EndGlobalSection
	GlobalSection(SolutionProperties) = preSolution
		HideSolutionNode = FALSE
	EndGlobalSection
	GlobalSection(ExtensibilityGlobals) = postSolution
		SolutionGuid = {34C1C2B4-179A-4E64-B55F-0F22FF620319}
	EndGlobalSection
EndGlobal
